
Microsoft Visual Studio Solution File, Format Version 12.00
# Visual Studio Version 17
VisualStudioVersion = 17.0.31903.59
MinimumVisualStudioVersion = 10.0.40219.1
Project("{2150E333-8FDC-42A3-9474-1A3956D46DE8}") = "src", "src", "{93CA6B5F-241C-4589-94DE-F89D71942C60}"
EndProject
Project("{FAE04EC0-301F-11D3-BF4B-00C04F79EFBC}") = "DemoStudio.Application", "src\DemoStudio.Application\DemoStudio.Application.csproj", "{A1BFF453-A5FD-44C7-932E-C2A6001E2B12}"
EndProject
Project("{FAE04EC0-301F-11D3-BF4B-00C04F79EFBC}") = "DemoStudio.Automation.Abstractions", "src\DemoStudio.Automation.Abstractions\DemoStudio.Automation.Abstractions.csproj", "{35195379-BFF2-4E9F-BCE4-3952140B0702}"
EndProject
Project("{FAE04EC0-301F-11D3-BF4B-00C04F79EFBC}") = "DemoStudio.Automation.FlaUI", "src\DemoStudio.Automation.FlaUI\DemoStudio.Automation.FlaUI.csproj", "{021B9B60-D020-4968-A6D4-1C4160978070}"
EndProject
Project("{FAE04EC0-301F-11D3-BF4B-00C04F79EFBC}") = "DemoStudio.Capture.Abstractions", "src\DemoStudio.Capture.Abstractions\DemoStudio.Capture.Abstractions.csproj", "{0F8B98F9-5110-4ECD-9499-847CD2920724}"
EndProject
Project("{FAE04EC0-301F-11D3-BF4B-00C04F79EFBC}") = "DemoStudio.Desktop.App", "src\DemoStudio.Desktop.App\DemoStudio.Desktop.App.csproj", "{547EC0AA-1610-4221-BF9E-86ED7A91E13A}"
EndProject
Project("{FAE04EC0-301F-11D3-BF4B-00C04F79EFBC}") = "DemoStudio.Desktop.Core", "src\DemoStudio.Desktop.Core\DemoStudio.Desktop.Core.csproj", "{D2524A0D-FFB4-4F3A-BA75-B6E044A6F81C}"
EndProject
Project("{FAE04EC0-301F-11D3-BF4B-00C04F79EFBC}") = "DemoStudio.Domain", "src\DemoStudio.Domain\DemoStudio.Domain.csproj", "{CF9EB472-812C-4FC5-B2EE-130C26822722}"
EndProject
Project("{FAE04EC0-301F-11D3-BF4B-00C04F79EFBC}") = "DemoStudio.Infrastructure", "src\DemoStudio.Infrastructure\DemoStudio.Infrastructure.csproj", "{B6F389FA-797F-4D72-A199-392F50DF65E0}"
EndProject
Project("{FAE04EC0-301F-11D3-BF4B-00C04F79EFBC}") = "DemoStudio.Redaction.Abstractions", "src\DemoStudio.Redaction.Abstractions\DemoStudio.Redaction.Abstractions.csproj", "{52919840-71FD-46E9-853E-EE55BC525C58}"
EndProject
Project("{2150E333-8FDC-42A3-9474-1A3956D46DE8}") = "tests", "tests", "{21A0ABA2-CD88-42A4-8D82-A60C0598D244}"
EndProject
Project("{FAE04EC0-301F-11D3-BF4B-00C04F79EFBC}") = "DemoStudio.Desktop.Core.Tests", "tests\DemoStudio.Desktop.Core.Tests\DemoStudio.Desktop.Core.Tests.csproj", "{B9ABE9BD-7EFC-428A-A00F-BF5BF82BE739}"
EndProject
Project("{FAE04EC0-301F-11D3-BF4B-00C04F79EFBC}") = "DemoStudio.Desktop.Smoke", "src\DemoStudio.Desktop.Smoke\DemoStudio.Desktop.Smoke.csproj", "{FE5E6924-CE96-4EB9-B8EA-B690A05B76D1}"
EndProject
Project("{FAE04EC0-301F-11D3-BF4B-00C04F79EFBC}") = "DemoStudio.Desktop.App.Tests", "tests\DemoStudio.Desktop.App.Tests\DemoStudio.Desktop.App.Tests.csproj", "{61E99BB0-EE2F-4D6F-B957-58789B972A34}"
EndProject
Global
	GlobalSection(SolutionConfigurationPlatforms) = preSolution
		Debug|Any CPU = Debug|Any CPU
		Release|Any CPU = Release|Any CPU
	EndGlobalSection
	GlobalSection(SolutionProperties) = preSolution
		HideSolutionNode = FALSE
	EndGlobalSection
	GlobalSection(ProjectConfigurationPlatforms) = postSolution
		{A1BFF453-A5FD-44C7-932E-C2A6001E2B12}.Debug|Any CPU.ActiveCfg = Debug|Any CPU
		{A1BFF453-A5FD-44C7-932E-C2A6001E2B12}.Debug|Any CPU.Build.0 = Debug|Any CPU
		{A1BFF453-A5FD-44C7-932E-C2A6001E2B12}.Release|Any CPU.ActiveCfg = Release|Any CPU
		{A1BFF453-A5FD-44C7-932E-C2A6001E2B12}.Release|Any CPU.Build.0 = Release|Any CPU
		{35195379-BFF2-4E9F-BCE4-3952140B0702}.Debug|Any CPU.ActiveCfg = Debug|Any CPU
		{35195379-BFF2-4E9F-BCE4-3952140B0702}.Debug|Any CPU.Build.0 = Debug|Any CPU
		{35195379-BFF2-4E9F-BCE4-3952140B0702}.Release|Any CPU.ActiveCfg = Release|Any CPU
		{35195379-BFF2-4E9F-BCE4-3952140B0702}.Release|Any CPU.Build.0 = Release|Any CPU
		{021B9B60-D020-4968-A6D4-1C4160978070}.Debug|Any CPU.ActiveCfg = Debug|Any CPU
		{021B9B60-D020-4968-A6D4-1C4160978070}.Debug|Any CPU.Build.0 = Debug|Any CPU
		{021B9B60-D020-4968-A6D4-1C4160978070}.Release|Any CPU.ActiveCfg = Release|Any CPU
		{021B9B60-D020-4968-A6D4-1C4160978070}.Release|Any CPU.Build.0 = Release|Any CPU
		{0F8B98F9-5110-4ECD-9499-847CD2920724}.Debug|Any CPU.ActiveCfg = Debug|Any CPU
		{0F8B98F9-5110-4ECD-9499-847CD2920724}.Debug|Any CPU.Build.0 = Debug|Any CPU
		{0F8B98F9-5110-4ECD-9499-847CD2920724}.Release|Any CPU.ActiveCfg = Release|Any CPU
		{0F8B98F9-5110-4ECD-9499-847CD2920724}.Release|Any CPU.Build.0 = Release|Any CPU
		{547EC0AA-1610-4221-BF9E-86ED7A91E13A}.Debug|Any CPU.ActiveCfg = Debug|Any CPU
		{547EC0AA-1610-4221-BF9E-86ED7A91E13A}.Debug|Any CPU.Build.0 = Debug|Any CPU
		{547EC0AA-1610-4221-BF9E-86ED7A91E13A}.Release|Any CPU.ActiveCfg = Release|Any CPU
		{547EC0AA-1610-4221-BF9E-86ED7A91E13A}.Release|Any CPU.Build.0 = Release|Any CPU
		{D2524A0D-FFB4-4F3A-BA75-B6E044A6F81C}.Debug|Any CPU.ActiveCfg = Debug|Any CPU
		{D2524A0D-FFB4-4F3A-BA75-B6E044A6F81C}.Debug|Any CPU.Build.0 = Debug|Any CPU
		{D2524A0D-FFB4-4F3A-BA75-B6E044A6F81C}.Release|Any CPU.ActiveCfg = Release|Any CPU
		{D2524A0D-FFB4-4F3A-BA75-B6E044A6F81C}.Release|Any CPU.Build.0 = Release|Any CPU
		{CF9EB472-812C-4FC5-B2EE-130C26822722}.Debug|Any CPU.ActiveCfg = Debug|Any CPU
		{CF9EB472-812C-4FC5-B2EE-130C26822722}.Debug|Any CPU.Build.0 = Debug|Any CPU
		{CF9EB472-812C-4FC5-B2EE-130C26822722}.Release|Any CPU.ActiveCfg = Release|Any CPU
		{CF9EB472-812C-4FC5-B2EE-130C26822722}.Release|Any CPU.Build.0 = Release|Any CPU
		{B6F389FA-797F-4D72-A199-392F50DF65E0}.Debug|Any CPU.ActiveCfg = Debug|Any CPU
		{B6F389FA-797F-4D72-A199-392F50DF65E0}.Debug|Any CPU.Build.0 = Debug|Any CPU
		{B6F389FA-797F-4D72-A199-392F50DF65E0}.Release|Any CPU.ActiveCfg = Release|Any CPU
		{B6F389FA-797F-4D72-A199-392F50DF65E0}.Release|Any CPU.Build.0 = Release|Any CPU
		{52919840-71FD-46E9-853E-EE55BC525C58}.Debug|Any CPU.ActiveCfg = Debug|Any CPU
		{52919840-71FD-46E9-853E-EE55BC525C58}.Debug|Any CPU.Build.0 = Debug|Any CPU
		{52919840-71FD-46E9-853E-EE55BC525C58}.Release|Any CPU.ActiveCfg = Release|Any CPU
		{52919840-71FD-46E9-853E-EE55BC525C58}.Release|Any CPU.Build.0 = Release|Any CPU
		{B9ABE9BD-7EFC-428A-A00F-BF5BF82BE739}.Debug|Any CPU.ActiveCfg = Debug|Any CPU
		{B9ABE9BD-7EFC-428A-A00F-BF5BF82BE739}.Debug|Any CPU.Build.0 = Debug|Any CPU
		{B9ABE9BD-7EFC-428A-A00F-BF5BF82BE739}.Release|Any CPU.ActiveCfg = Release|Any CPU
		{B9ABE9BD-7EFC-428A-A00F-BF5BF82BE739}.Release|Any CPU.Build.0 = Release|Any CPU
		{FE5E6924-CE96-4EB9-B8EA-B690A05B76D1}.Debug|Any CPU.ActiveCfg = Debug|Any CPU
		{FE5E6924-CE96-4EB9-B8EA-B690A05B76D1}.Debug|Any CPU.Build.0 = Debug|Any CPU
		{FE5E6924-CE96-4EB9-B8EA-B690A05B76D1}.Release|Any CPU.ActiveCfg = Release|Any CPU
		{FE5E6924-CE96-4EB9-B8EA-B690A05B76D1}.Release|Any CPU.Build.0 = Release|Any CPU
		{61E99BB0-EE2F-4D6F-B957-58789B972A34}.Debug|Any CPU.ActiveCfg = Debug|Any CPU
		{61E99BB0-EE2F-4D6F-B957-58789B972A34}.Debug|Any CPU.Build.0 = Debug|Any CPU
		{61E99BB0-EE2F-4D6F-B957-58789B972A34}.Release|Any CPU.ActiveCfg = Release|Any CPU
		{61E99BB0-EE2F-4D6F-B957-58789B972A34}.Release|Any CPU.Build.0 = Release|Any CPU
	EndGlobalSection
	GlobalSection(NestedProjects) = preSolution
		{A1BFF453-A5FD-44C7-932E-C2A6001E2B12} = {93CA6B5F-241C-4589-94DE-F89D71942C60}
		{35195379-BFF2-4E9F-BCE4-3952140B0702} = {93CA6B5F-241C-4589-94DE-F89D71942C60}
		{021B9B60-D020-4968-A6D4-1C4160978070} = {93CA6B5F-241C-4589-94DE-F89D71942C60}
		{0F8B98F9-5110-4ECD-9499-847CD2920724} = {93CA6B5F-241C-4589-94DE-F89D71942C60}
		{547EC0AA-1610-4221-BF9E-86ED7A91E13A} = {93CA6B5F-241C-4589-94DE-F89D71942C60}
		{D2524A0D-FFB4-4F3A-BA75-B6E044A6F81C} = {93CA6B5F-241C-4589-94DE-F89D71942C60}
		{CF9EB472-812C-4FC5-B2EE-130C26822722} = {93CA6B5F-241C-4589-94DE-F89D71942C60}
		{B6F389FA-797F-4D72-A199-392F50DF65E0} = {93CA6B5F-241C-4589-94DE-F89D71942C60}
		{52919840-71FD-46E9-853E-EE55BC525C58} = {93CA6B5F-241C-4589-94DE-F89D71942C60}
		{B9ABE9BD-7EFC-428A-A00F-BF5BF82BE739} = {21A0ABA2-CD88-42A4-8D82-A60C0598D244}
		{FE5E6924-CE96-4EB9-B8EA-B690A05B76D1} = {93CA6B5F-241C-4589-94DE-F89D71942C60}
		{61E99BB0-EE2F-4D6F-B957-58789B972A34} = {21A0ABA2-CD88-42A4-8D82-A60C0598D244}
	EndGlobalSection
EndGlobal
