
Microsoft Visual Studio Solution File, Format Version 12.00
# Visual Studio Version 17
VisualStudioVersion = 17.0.31903.59
MinimumVisualStudioVersion = 10.0.40219.1
Project("{2150E333-8FDC-42A3-9474-1A3956D46DE8}") = "src", "src", "{827E0CD3-B72D-47B6-A68D-7590B98EB39B}"
EndProject
Project("{FAE04EC0-301F-11D3-BF4B-00C04F79EFBC}") = "DemoStudio.Application", "src\DemoStudio.Application\DemoStudio.Application.csproj", "{A1BFF453-A5FD-44C7-932E-C2A6001E2B12}"
EndProject
Project("{FAE04EC0-301F-11D3-BF4B-00C04F79EFBC}") = "DemoStudio.Domain", "src\DemoStudio.Domain\DemoStudio.Domain.csproj", "{CF9EB472-812C-4FC5-B2EE-130C26822722}"
EndProject
Project("{FAE04EC0-301F-11D3-BF4B-00C04F79EFBC}") = "DemoStudio.Infrastructure", "src\DemoStudio.Infrastructure\DemoStudio.Infrastructure.csproj", "{B6F389FA-797F-4D72-A199-392F50DF65E0}"
EndProject
Project("{FAE04EC0-301F-11D3-BF4B-00C04F79EFBC}") = "DemoStudio.Automation.Abstractions", "src\DemoStudio.Automation.Abstractions\DemoStudio.Automation.Abstractions.csproj", "{35195379-BFF2-4E9F-BCE4-3952140B0702}"
EndProject
Project("{FAE04EC0-301F-11D3-BF4B-00C04F79EFBC}") = "DemoStudio.Capture.Abstractions", "src\DemoStudio.Capture.Abstractions\DemoStudio.Capture.Abstractions.csproj", "{0F8B98F9-5110-4ECD-9499-847CD2920724}"
EndProject
Project("{FAE04EC0-301F-11D3-BF4B-00C04F79EFBC}") = "DemoStudio.Redaction.Abstractions", "src\DemoStudio.Redaction.Abstractions\DemoStudio.Redaction.Abstractions.csproj", "{52919840-71FD-46E9-853E-EE55BC525C58}"
EndProject
Project("{FAE04EC0-301F-11D3-BF4B-00C04F79EFBC}") = "DemoStudio.Automation.FlaUI", "src\DemoStudio.Automation.FlaUI\DemoStudio.Automation.FlaUI.csproj", "{021B9B60-D020-4968-A6D4-1C4160978070}"
EndProject
Project("{FAE04EC0-301F-11D3-BF4B-00C04F79EFBC}") = "DemoStudio.Automation.FlaUIRunner", "src\DemoStudio.Automation.FlaUIRunner\DemoStudio.Automation.FlaUIRunner.csproj", "{8296BDC4-790F-4125-A7D8-55FA981064A6}"
EndProject
Global
	GlobalSection(SolutionConfigurationPlatforms) = preSolution
		Debug|Any CPU = Debug|Any CPU
		Debug|x64 = Debug|x64
		Debug|x86 = Debug|x86
		Release|Any CPU = Release|Any CPU
		Release|x64 = Release|x64
		Release|x86 = Release|x86
	EndGlobalSection
	GlobalSection(ProjectConfigurationPlatforms) = postSolution
		{A1BFF453-A5FD-44C7-932E-C2A6001E2B12}.Debug|Any CPU.ActiveCfg = Debug|Any CPU
		{A1BFF453-A5FD-44C7-932E-C2A6001E2B12}.Debug|Any CPU.Build.0 = Debug|Any CPU
		{A1BFF453-A5FD-44C7-932E-C2A6001E2B12}.Debug|x64.ActiveCfg = Debug|Any CPU
		{A1BFF453-A5FD-44C7-932E-C2A6001E2B12}.Debug|x64.Build.0 = Debug|Any CPU
		{A1BFF453-A5FD-44C7-932E-C2A6001E2B12}.Debug|x86.ActiveCfg = Debug|Any CPU
		{A1BFF453-A5FD-44C7-932E-C2A6001E2B12}.Debug|x86.Build.0 = Debug|Any CPU
		{A1BFF453-A5FD-44C7-932E-C2A6001E2B12}.Release|Any CPU.ActiveCfg = Release|Any CPU
		{A1BFF453-A5FD-44C7-932E-C2A6001E2B12}.Release|Any CPU.Build.0 = Release|Any CPU
		{A1BFF453-A5FD-44C7-932E-C2A6001E2B12}.Release|x64.ActiveCfg = Release|Any CPU
		{A1BFF453-A5FD-44C7-932E-C2A6001E2B12}.Release|x64.Build.0 = Release|Any CPU
		{A1BFF453-A5FD-44C7-932E-C2A6001E2B12}.Release|x86.ActiveCfg = Release|Any CPU
		{A1BFF453-A5FD-44C7-932E-C2A6001E2B12}.Release|x86.Build.0 = Release|Any CPU
		{CF9EB472-812C-4FC5-B2EE-130C26822722}.Debug|Any CPU.ActiveCfg = Debug|Any CPU
		{CF9EB472-812C-4FC5-B2EE-130C26822722}.Debug|Any CPU.Build.0 = Debug|Any CPU
		{CF9EB472-812C-4FC5-B2EE-130C26822722}.Debug|x64.ActiveCfg = Debug|Any CPU
		{CF9EB472-812C-4FC5-B2EE-130C26822722}.Debug|x64.Build.0 = Debug|Any CPU
		{CF9EB472-812C-4FC5-B2EE-130C26822722}.Debug|x86.ActiveCfg = Debug|Any CPU
		{CF9EB472-812C-4FC5-B2EE-130C26822722}.Debug|x86.Build.0 = Debug|Any CPU
		{CF9EB472-812C-4FC5-B2EE-130C26822722}.Release|Any CPU.ActiveCfg = Release|Any CPU
		{CF9EB472-812C-4FC5-B2EE-130C26822722}.Release|Any CPU.Build.0 = Release|Any CPU
		{CF9EB472-812C-4FC5-B2EE-130C26822722}.Release|x64.ActiveCfg = Release|Any CPU
		{CF9EB472-812C-4FC5-B2EE-130C26822722}.Release|x64.Build.0 = Release|Any CPU
		{CF9EB472-812C-4FC5-B2EE-130C26822722}.Release|x86.ActiveCfg = Release|Any CPU
		{CF9EB472-812C-4FC5-B2EE-130C26822722}.Release|x86.Build.0 = Release|Any CPU
		{B6F389FA-797F-4D72-A199-392F50DF65E0}.Debug|Any CPU.ActiveCfg = Debug|Any CPU
		{B6F389FA-797F-4D72-A199-392F50DF65E0}.Debug|Any CPU.Build.0 = Debug|Any CPU
		{B6F389FA-797F-4D72-A199-392F50DF65E0}.Debug|x64.ActiveCfg = Debug|Any CPU
		{B6F389FA-797F-4D72-A199-392F50DF65E0}.Debug|x64.Build.0 = Debug|Any CPU
		{B6F389FA-797F-4D72-A199-392F50DF65E0}.Debug|x86.ActiveCfg = Debug|Any CPU
		{B6F389FA-797F-4D72-A199-392F50DF65E0}.Debug|x86.Build.0 = Debug|Any CPU
		{B6F389FA-797F-4D72-A199-392F50DF65E0}.Release|Any CPU.ActiveCfg = Release|Any CPU
		{B6F389FA-797F-4D72-A199-392F50DF65E0}.Release|Any CPU.Build.0 = Release|Any CPU
		{B6F389FA-797F-4D72-A199-392F50DF65E0}.Release|x64.ActiveCfg = Release|Any CPU
		{B6F389FA-797F-4D72-A199-392F50DF65E0}.Release|x64.Build.0 = Release|Any CPU
		{B6F389FA-797F-4D72-A199-392F50DF65E0}.Release|x86.ActiveCfg = Release|Any CPU
		{B6F389FA-797F-4D72-A199-392F50DF65E0}.Release|x86.Build.0 = Release|Any CPU
		{35195379-BFF2-4E9F-BCE4-3952140B0702}.Debug|Any CPU.ActiveCfg = Debug|Any CPU
		{35195379-BFF2-4E9F-BCE4-3952140B0702}.Debug|Any CPU.Build.0 = Debug|Any CPU
		{35195379-BFF2-4E9F-BCE4-3952140B0702}.Debug|x64.ActiveCfg = Debug|Any CPU
		{35195379-BFF2-4E9F-BCE4-3952140B0702}.Debug|x64.Build.0 = Debug|Any CPU
		{35195379-BFF2-4E9F-BCE4-3952140B0702}.Debug|x86.ActiveCfg = Debug|Any CPU
		{35195379-BFF2-4E9F-BCE4-3952140B0702}.Debug|x86.Build.0 = Debug|Any CPU
		{35195379-BFF2-4E9F-BCE4-3952140B0702}.Release|Any CPU.ActiveCfg = Release|Any CPU
		{35195379-BFF2-4E9F-BCE4-3952140B0702}.Release|Any CPU.Build.0 = Release|Any CPU
		{35195379-BFF2-4E9F-BCE4-3952140B0702}.Release|x64.ActiveCfg = Release|Any CPU
		{35195379-BFF2-4E9F-BCE4-3952140B0702}.Release|x64.Build.0 = Release|Any CPU
		{35195379-BFF2-4E9F-BCE4-3952140B0702}.Release|x86.ActiveCfg = Release|Any CPU
		{35195379-BFF2-4E9F-BCE4-3952140B0702}.Release|x86.Build.0 = Release|Any CPU
		{0F8B98F9-5110-4ECD-9499-847CD2920724}.Debug|Any CPU.ActiveCfg = Debug|Any CPU
		{0F8B98F9-5110-4ECD-9499-847CD2920724}.Debug|Any CPU.Build.0 = Debug|Any CPU
		{0F8B98F9-5110-4ECD-9499-847CD2920724}.Debug|x64.ActiveCfg = Debug|Any CPU
		{0F8B98F9-5110-4ECD-9499-847CD2920724}.Debug|x64.Build.0 = Debug|Any CPU
		{0F8B98F9-5110-4ECD-9499-847CD2920724}.Debug|x86.ActiveCfg = Debug|Any CPU
		{0F8B98F9-5110-4ECD-9499-847CD2920724}.Debug|x86.Build.0 = Debug|Any CPU
		{0F8B98F9-5110-4ECD-9499-847CD2920724}.Release|Any CPU.ActiveCfg = Release|Any CPU
		{0F8B98F9-5110-4ECD-9499-847CD2920724}.Release|Any CPU.Build.0 = Release|Any CPU
		{0F8B98F9-5110-4ECD-9499-847CD2920724}.Release|x64.ActiveCfg = Release|Any CPU
		{0F8B98F9-5110-4ECD-9499-847CD2920724}.Release|x64.Build.0 = Release|Any CPU
		{0F8B98F9-5110-4ECD-9499-847CD2920724}.Release|x86.ActiveCfg = Release|Any CPU
		{0F8B98F9-5110-4ECD-9499-847CD2920724}.Release|x86.Build.0 = Release|Any CPU
		{52919840-71FD-46E9-853E-EE55BC525C58}.Debug|Any CPU.ActiveCfg = Debug|Any CPU
		{52919840-71FD-46E9-853E-EE55BC525C58}.Debug|Any CPU.Build.0 = Debug|Any CPU
		{52919840-71FD-46E9-853E-EE55BC525C58}.Debug|x64.ActiveCfg = Debug|Any CPU
		{52919840-71FD-46E9-853E-EE55BC525C58}.Debug|x64.Build.0 = Debug|Any CPU
		{52919840-71FD-46E9-853E-EE55BC525C58}.Debug|x86.ActiveCfg = Debug|Any CPU
		{52919840-71FD-46E9-853E-EE55BC525C58}.Debug|x86.Build.0 = Debug|Any CPU
		{52919840-71FD-46E9-853E-EE55BC525C58}.Release|Any CPU.ActiveCfg = Release|Any CPU
		{52919840-71FD-46E9-853E-EE55BC525C58}.Release|Any CPU.Build.0 = Release|Any CPU
		{52919840-71FD-46E9-853E-EE55BC525C58}.Release|x64.ActiveCfg = Release|Any CPU
		{52919840-71FD-46E9-853E-EE55BC525C58}.Release|x64.Build.0 = Release|Any CPU
		{52919840-71FD-46E9-853E-EE55BC525C58}.Release|x86.ActiveCfg = Release|Any CPU
		{52919840-71FD-46E9-853E-EE55BC525C58}.Release|x86.Build.0 = Release|Any CPU
		{021B9B60-D020-4968-A6D4-1C4160978070}.Debug|Any CPU.ActiveCfg = Debug|Any CPU
		{021B9B60-D020-4968-A6D4-1C4160978070}.Debug|Any CPU.Build.0 = Debug|Any CPU
		{021B9B60-D020-4968-A6D4-1C4160978070}.Debug|x64.ActiveCfg = Debug|Any CPU
		{021B9B60-D020-4968-A6D4-1C4160978070}.Debug|x64.Build.0 = Debug|Any CPU
		{021B9B60-D020-4968-A6D4-1C4160978070}.Debug|x86.ActiveCfg = Debug|Any CPU
		{021B9B60-D020-4968-A6D4-1C4160978070}.Debug|x86.Build.0 = Debug|Any CPU
		{021B9B60-D020-4968-A6D4-1C4160978070}.Release|Any CPU.ActiveCfg = Release|Any CPU
		{021B9B60-D020-4968-A6D4-1C4160978070}.Release|Any CPU.Build.0 = Release|Any CPU
		{021B9B60-D020-4968-A6D4-1C4160978070}.Release|x64.ActiveCfg = Release|Any CPU
		{021B9B60-D020-4968-A6D4-1C4160978070}.Release|x64.Build.0 = Release|Any CPU
		{021B9B60-D020-4968-A6D4-1C4160978070}.Release|x86.ActiveCfg = Release|Any CPU
		{021B9B60-D020-4968-A6D4-1C4160978070}.Release|x86.Build.0 = Release|Any CPU
		{8296BDC4-790F-4125-A7D8-55FA981064A6}.Debug|Any CPU.ActiveCfg = Debug|Any CPU
		{8296BDC4-790F-4125-A7D8-55FA981064A6}.Debug|Any CPU.Build.0 = Debug|Any CPU
		{8296BDC4-790F-4125-A7D8-55FA981064A6}.Debug|x64.ActiveCfg = Debug|Any CPU
		{8296BDC4-790F-4125-A7D8-55FA981064A6}.Debug|x64.Build.0 = Debug|Any CPU
		{8296BDC4-790F-4125-A7D8-55FA981064A6}.Debug|x86.ActiveCfg = Debug|Any CPU
		{8296BDC4-790F-4125-A7D8-55FA981064A6}.Debug|x86.Build.0 = Debug|Any CPU
		{8296BDC4-790F-4125-A7D8-55FA981064A6}.Release|Any CPU.ActiveCfg = Release|Any CPU
		{8296BDC4-790F-4125-A7D8-55FA981064A6}.Release|Any CPU.Build.0 = Release|Any CPU
		{8296BDC4-790F-4125-A7D8-55FA981064A6}.Release|x64.ActiveCfg = Release|Any CPU
		{8296BDC4-790F-4125-A7D8-55FA981064A6}.Release|x64.Build.0 = Release|Any CPU
		{8296BDC4-790F-4125-A7D8-55FA981064A6}.Release|x86.ActiveCfg = Release|Any CPU
		{8296BDC4-790F-4125-A7D8-55FA981064A6}.Release|x86.Build.0 = Release|Any CPU
	EndGlobalSection
	GlobalSection(SolutionProperties) = preSolution
		HideSolutionNode = FALSE
	EndGlobalSection
	GlobalSection(NestedProjects) = preSolution
		{A1BFF453-A5FD-44C7-932E-C2A6001E2B12} = {827E0CD3-B72D-47B6-A68D-7590B98EB39B}
		{CF9EB472-812C-4FC5-B2EE-130C26822722} = {827E0CD3-B72D-47B6-A68D-7590B98EB39B}
		{B6F389FA-797F-4D72-A199-392F50DF65E0} = {827E0CD3-B72D-47B6-A68D-7590B98EB39B}
		{35195379-BFF2-4E9F-BCE4-3952140B0702} = {827E0CD3-B72D-47B6-A68D-7590B98EB39B}
		{0F8B98F9-5110-4ECD-9499-847CD2920724} = {827E0CD3-B72D-47B6-A68D-7590B98EB39B}
		{52919840-71FD-46E9-853E-EE55BC525C58} = {827E0CD3-B72D-47B6-A68D-7590B98EB39B}
		{021B9B60-D020-4968-A6D4-1C4160978070} = {827E0CD3-B72D-47B6-A68D-7590B98EB39B}
		{8296BDC4-790F-4125-A7D8-55FA981064A6} = {827E0CD3-B72D-47B6-A68D-7590B98EB39B}
	EndGlobalSection
EndGlobal
